// !$*UTF8*$!
{
	archiveVersion = 1;
	classes = {
	};
	objectVersion = 56;
	objects = {

/* Begin PBXBuildFile section */
		F649A04F2B2A61DA0080D6B9 /* CalendarMenuBarApp.swift in Sources */ = {isa = PBXBuildFile; fileRef = F649A04E2B2A61DA0080D6B9 /* CalendarMenuBarApp.swift */; };
		F649A0512B2A61DA0080D6B9 /* ContentView.swift in Sources */ = {isa = PBXBuildFile; fileRef = F649A0502B2A61DA0080D6B9 /* ContentView.swift */; };
		F649A0532B2A61DB0080D6B9 /* Assets.xcassets in Resources */ = {isa = PBXBuildFile; fileRef = F649A0522B2A61DB0080D6B9 /* Assets.xcassets */; };
		F649A0562B2A61DB0080D6B9 /* Preview Assets.xcassets in Resources */ = {isa = PBXBuildFile; fileRef = F649A0552B2A61DB0080D6B9 /* Preview Assets.xcassets */; };
		F649A0612B2A61DB0080D6B9 /* CalendarMenuBarTests.swift in Sources */ = {isa = PBXBuildFile; fileRef = F649A0602B2A61DB0080D6B9 /* CalendarMenuBarTests.swift */; };
		F649A06B2B2A61DB0080D6B9 /* CalendarMenuBarUITests.swift in Sources */ = {isa = PBXBuildFile; fileRef = F649A06A2B2A61DB0080D6B9 /* CalendarMenuBarUITests.swift */; };
		F649A06D2B2A61DB0080D6B9 /* CalendarMenuBarUITestsLaunchTests.swift in Sources */ = {isa = PBXBuildFile; fileRef = F649A06C2B2A61DB0080D6B9 /* CalendarMenuBarUITestsLaunchTests.swift */; };
/* End PBXBuildFile section */

/* Begin PBXContainerItemProxy section */
		F649A05D2B2A61DB0080D6B9 /* PBXContainerItemProxy */ = {
			isa = PBXContainerItemProxy;
			containerPortal = F649A0432B2A61DA0080D6B9 /* Project object */;
			proxyType = 1;
			remoteGlobalIDString = F649A04A2B2A61DA0080D6B9;
			remoteInfo = CalendarMenuBar;
		};
		F649A0672B2A61DB0080D6B9 /* PBXContainerItemProxy */ = {
			isa = PBXContainerItemProxy;
			containerPortal = F649A0432B2A61DA0080D6B9 /* Project object */;
			proxyType = 1;
			remoteGlobalIDString = F649A04A2B2A61DA0080D6B9;
			remoteInfo = CalendarMenuBar;
		};
/* End PBXContainerItemProxy section */

/* Begin PBXFileReference section */
		F649A04B2B2A61DA0080D6B9 /* CalendarMenuBar.app */ = {isa = PBXFileReference; explicitFileType = wrapper.application; includeInIndex = 0; path = CalendarMenuBar.app; sourceTree = BUILT_PRODUCTS_DIR; };
		F649A04E2B2A61DA0080D6B9 /* CalendarMenuBarApp.swift */ = {isa = PBXFileReference; lastKnownFileType = sourcecode.swift; path = CalendarMenuBarApp.swift; sourceTree = "<group>"; };
		F649A0502B2A61DA0080D6B9 /* ContentView.swift */ = {isa = PBXFileReference; lastKnownFileType = sourcecode.swift; path = ContentView.swift; sourceTree = "<group>"; };
		F649A0522B2A61DB0080D6B9 /* Assets.xcassets */ = {isa = PBXFileReference; lastKnownFileType = folder.assetcatalog; path = Assets.xcassets; sourceTree = "<group>"; };
		F649A0552B2A61DB0080D6B9 /* Preview Assets.xcassets */ = {isa = PBXFileReference; lastKnownFileType = folder.assetcatalog; path = "Preview Assets.xcassets"; sourceTree = "<group>"; };
		F649A0572B2A61DB0080D6B9 /* CalendarMenuBar.entitlements */ = {isa = PBXFileReference; lastKnownFileType = text.plist.entitlements; path = CalendarMenuBar.entitlements; sourceTree = "<group>"; };
		F649A05C2B2A61DB0080D6B9 /* CalendarMenuBarTests.xctest */ = {isa = PBXFileReference; explicitFileType = wrapper.cfbundle; includeInIndex = 0; path = CalendarMenuBarTests.xctest; sourceTree = BUILT_PRODUCTS_DIR; };
		F649A0602B2A61DB0080D6B9 /* CalendarMenuBarTests.swift */ = {isa = PBXFileReference; lastKnownFileType = sourcecode.swift; path = CalendarMenuBarTests.swift; sourceTree = "<group>"; };
		F649A0662B2A61DB0080D6B9 /* CalendarMenuBarUITests.xctest */ = {isa = PBXFileReference; explicitFileType = wrapper.cfbundle; includeInIndex = 0; path = CalendarMenuBarUITests.xctest; sourceTree = BUILT_PRODUCTS_DIR; };
		F649A06A2B2A61DB0080D6B9 /* CalendarMenuBarUITests.swift */ = {isa = PBXFileReference; lastKnownFileType = sourcecode.swift; path = CalendarMenuBarUITests.swift; sourceTree = "<group>"; };
		F649A06C2B2A61DB0080D6B9 /* CalendarMenuBarUITestsLaunchTests.swift */ = {isa = PBXFileReference; lastKnownFileType = sourcecode.swift; path = CalendarMenuBarUITestsLaunchTests.swift; sourceTree = "<group>"; };
/* End PBXFileReference section */

/* Begin PBXFrameworksBuildPhase section */
		F649A0482B2A61DA0080D6B9 /* Frameworks */ = {
			isa = PBXFrameworksBuildPhase;
			buildActionMask = 2147483647;
			files = (
			);
			runOnlyForDeploymentPostprocessing = 0;
		};
		F649A0592B2A61DB0080D6B9 /* Frameworks */ = {
			isa = PBXFrameworksBuildPhase;
			buildActionMask = 2147483647;
			files = (
			);
			runOnlyForDeploymentPostprocessing = 0;
		};
		F649A0632B2A61DB0080D6B9 /* Frameworks */ = {
			isa = PBXFrameworksBuildPhase;
			buildActionMask = 2147483647;
			files = (
			);
			runOnlyForDeploymentPostprocessing = 0;
		};
/* End PBXFrameworksBuildPhase section */

/* Begin PBXGroup section */
		F649A0422B2A61DA0080D6B9 = {
			isa = PBXGroup;
			children = (
				F649A04D2B2A61DA0080D6B9 /* CalendarMenuBar */,
				F649A05F2B2A61DB0080D6B9 /* CalendarMenuBarTests */,
				F649A0692B2A61DB0080D6B9 /* CalendarMenuBarUITests */,
				F649A04C2B2A61DA0080D6B9 /* Products */,
			);
			sourceTree = "<group>";
		};
		F649A04C2B2A61DA0080D6B9 /* Products */ = {
			isa = PBXGroup;
			children = (
				F649A04B2B2A61DA0080D6B9 /* CalendarMenuBar.app */,
				F649A05C2B2A61DB0080D6B9 /* CalendarMenuBarTests.xctest */,
				F649A0662B2A61DB0080D6B9 /* CalendarMenuBarUITests.xctest */,
			);
			name = Products;
			sourceTree = "<group>";
		};
		F649A04D2B2A61DA0080D6B9 /* CalendarMenuBar */ = {
			isa = PBXGroup;
			children = (
				F649A04E2B2A61DA0080D6B9 /* CalendarMenuBarApp.swift */,
				F649A0502B2A61DA0080D6B9 /* ContentView.swift */,
				F649A0522B2A61DB0080D6B9 /* Assets.xcassets */,
				F649A0572B2A61DB0080D6B9 /* CalendarMenuBar.entitlements */,
				F649A0542B2A61DB0080D6B9 /* Preview Content */,
			);
			path = CalendarMenuBar;
			sourceTree = "<group>";
		};
		F649A0542B2A61DB0080D6B9 /* Preview Content */ = {
			isa = PBXGroup;
			children = (
				F649A0552B2A61DB0080D6B9 /* Preview Assets.xcassets */,
			);
			path = "Preview Content";
			sourceTree = "<group>";
		};
		F649A05F2B2A61DB0080D6B9 /* CalendarMenuBarTests */ = {
			isa = PBXGroup;
			children = (
				F649A0602B2A61DB0080D6B9 /* CalendarMenuBarTests.swift */,
			);
			path = CalendarMenuBarTests;
			sourceTree = "<group>";
		};
		F649A0692B2A61DB0080D6B9 /* CalendarMenuBarUITests */ = {
			isa = PBXGroup;
			children = (
				F649A06A2B2A61DB0080D6B9 /* CalendarMenuBarUITests.swift */,
				F649A06C2B2A61DB0080D6B9 /* CalendarMenuBarUITestsLaunchTests.swift */,
			);
			path = CalendarMenuBarUITests;
			sourceTree = "<group>";
		};
/* End PBXGroup section */

/* Begin PBXNativeTarget section */
		F649A04A2B2A61DA0080D6B9 /* CalendarMenuBar */ = {
			isa = PBXNativeTarget;
			buildConfigurationList = F649A0702B2A61DB0080D6B9 /* Build configuration list for PBXNativeTarget "CalendarMenuBar" */;
			buildPhases = (
				F649A0472B2A61DA0080D6B9 /* Sources */,
				F649A0482B2A61DA0080D6B9 /* Frameworks */,
				F649A0492B2A61DA0080D6B9 /* Resources */,
			);
			buildRules = (
			);
			dependencies = (
			);
			name = CalendarMenuBar;
			productName = CalendarMenuBar;
			productReference = F649A04B2B2A61DA0080D6B9 /* CalendarMenuBar.app */;
			productType = "com.apple.product-type.application";
		};
		F649A05B2B2A61DB0080D6B9 /* CalendarMenuBarTests */ = {
			isa = PBXNativeTarget;
			buildConfigurationList = F649A0732B2A61DB0080D6B9 /* Build configuration list for PBXNativeTarget "CalendarMenuBarTests" */;
			buildPhases = (
				F649A0582B2A61DB0080D6B9 /* Sources */,
				F649A0592B2A61DB0080D6B9 /* Frameworks */,
				F649A05A2B2A61DB0080D6B9 /* Resources */,
			);
			buildRules = (
			);
			dependencies = (
				F649A05E2B2A61DB0080D6B9 /* PBXTargetDependency */,
			);
			name = CalendarMenuBarTests;
			productName = CalendarMenuBarTests;
			productReference = F649A05C2B2A61DB0080D6B9 /* CalendarMenuBarTests.xctest */;
			productType = "com.apple.product-type.bundle.unit-test";
		};
		F649A0652B2A61DB0080D6B9 /* CalendarMenuBarUITests */ = {
			isa = PBXNativeTarget;
			buildConfigurationList = F649A0762B2A61DB0080D6B9 /* Build configuration list for PBXNativeTarget "CalendarMenuBarUITests" */;
			buildPhases = (
				F649A0622B2A61DB0080D6B9 /* Sources */,
				F649A0632B2A61DB0080D6B9 /* Frameworks */,
				F649A0642B2A61DB0080D6B9 /* Resources */,
			);
			buildRules = (
			);
			dependencies = (
				F649A0682B2A61DB0080D6B9 /* PBXTargetDependency */,
			);
			name = CalendarMenuBarUITests;
			productName = CalendarMenuBarUITests;
			productReference = F649A0662B2A61DB0080D6B9 /* CalendarMenuBarUITests.xctest */;
			productType = "com.apple.product-type.bundle.ui-testing";
		};
/* End PBXNativeTarget section */

/* Begin PBXProject section */
		F649A0432B2A61DA0080D6B9 /* Project object */ = {
			isa = PBXProject;
			attributes = {
				BuildIndependentTargetsInParallel = 1;
				LastSwiftUpdateCheck = 1510;
				LastUpgradeCheck = 1510;
				TargetAttributes = {
					F649A04A2B2A61DA0080D6B9 = {
						CreatedOnToolsVersion = 15.1;
					};
					F649A05B2B2A61DB0080D6B9 = {
						CreatedOnToolsVersion = 15.1;
						TestTargetID = F649A04A2B2A61DA0080D6B9;
					};
					F649A0652B2A61DB0080D6B9 = {
						CreatedOnToolsVersion = 15.1;
						TestTargetID = F649A04A2B2A61DA0080D6B9;
					};
				};
			};
			buildConfigurationList = F649A0462B2A61DA0080D6B9 /* Build configuration list for PBXProject "CalendarMenuBar" */;
			compatibilityVersion = "Xcode 14.0";
			developmentRegion = en;
			hasScannedForEncodings = 0;
			knownRegions = (
				en,
				Base,
			);
			mainGroup = F649A0422B2A61DA0080D6B9;
			productRefGroup = F649A04C2B2A61DA0080D6B9 /* Products */;
			projectDirPath = "";
			projectRoot = "";
			targets = (
				F649A04A2B2A61DA0080D6B9 /* CalendarMenuBar */,
				F649A05B2B2A61DB0080D6B9 /* CalendarMenuBarTests */,
				F649A0652B2A61DB0080D6B9 /* CalendarMenuBarUITests */,
			);
		};
/* End PBXProject section */

/* Begin PBXResourcesBuildPhase section */
		F649A0492B2A61DA0080D6B9 /* Resources */ = {
			isa = PBXResourcesBuildPhase;
			buildActionMask = 2147483647;
			files = (
				F649A0562B2A61DB0080D6B9 /* Preview Assets.xcassets in Resources */,
				F649A0532B2A61DB0080D6B9 /* Assets.xcassets in Resources */,
			);
			runOnlyForDeploymentPostprocessing = 0;
		};
		F649A05A2B2A61DB0080D6B9 /* Resources */ = {
			isa = PBXResourcesBuildPhase;
			buildActionMask = 2147483647;
			files = (
			);
			runOnlyForDeploymentPostprocessing = 0;
		};
		F649A0642B2A61DB0080D6B9 /* Resources */ = {
			isa = PBXResourcesBuildPhase;
			buildActionMask = 2147483647;
			files = (
			);
			runOnlyForDeploymentPostprocessing = 0;
		};
/* End PBXResourcesBuildPhase section */

/* Begin PBXSourcesBuildPhase section */
		F649A0472B2A61DA0080D6B9 /* Sources */ = {
			isa = PBXSourcesBuildPhase;
			buildActionMask = 2147483647;
			files = (
				F649A0512B2A61DA0080D6B9 /* ContentView.swift in Sources */,
				F649A04F2B2A61DA0080D6B9 /* CalendarMenuBarApp.swift in Sources */,
			);
			runOnlyForDeploymentPostprocessing = 0;
		};
		F649A0582B2A61DB0080D6B9 /* Sources */ = {
			isa = PBXSourcesBuildPhase;
			buildActionMask = 2147483647;
			files = (
				F649A0612B2A61DB0080D6B9 /* CalendarMenuBarTests.swift in Sources */,
			);
			runOnlyForDeploymentPostprocessing = 0;
		};
		F649A0622B2A61DB0080D6B9 /* Sources */ = {
			isa = PBXSourcesBuildPhase;
			buildActionMask = 2147483647;
			files = (
				F649A06B2B2A61DB0080D6B9 /* CalendarMenuBarUITests.swift in Sources */,
				F649A06D2B2A61DB0080D6B9 /* CalendarMenuBarUITestsLaunchTests.swift in Sources */,
			);
			runOnlyForDeploymentPostprocessing = 0;
		};
/* End PBXSourcesBuildPhase section */

/* Begin PBXTargetDependency section */
		F649A05E2B2A61DB0080D6B9 /* PBXTargetDependency */ = {
			isa = PBXTargetDependency;
			target = F649A04A2B2A61DA0080D6B9 /* CalendarMenuBar */;
			targetProxy = F649A05D2B2A61DB0080D6B9 /* PBXContainerItemProxy */;
		};
		F649A0682B2A61DB0080D6B9 /* PBXTargetDependency */ = {
			isa = PBXTargetDependency;
			target = F649A04A2B2A61DA0080D6B9 /* CalendarMenuBar */;
			targetProxy = F649A0672B2A61DB0080D6B9 /* PBXContainerItemProxy */;
		};
/* End PBXTargetDependency section */

/* Begin XCBuildConfiguration section */
		F649A06E2B2A61DB0080D6B9 /* Debug */ = {
			isa = XCBuildConfiguration;
			buildSettings = {
				ALWAYS_SEARCH_USER_PATHS = NO;
				ASSETCATALOG_COMPILER_GENERATE_SWIFT_ASSET_SYMBOL_EXTENSIONS = YES;
				CLANG_ANALYZER_NONNULL = YES;
				CLANG_ANALYZER_NUMBER_OBJECT_CONVERSION = YES_AGGRESSIVE;
				CLANG_CXX_LANGUAGE_STANDARD = "gnu++20";
				CLANG_ENABLE_MODULES = YES;
				CLANG_ENABLE_OBJC_ARC = YES;
				CLANG_ENABLE_OBJC_WEAK = YES;
				CLANG_WARN_BLOCK_CAPTURE_AUTORELEASING = YES;
				CLANG_WARN_BOOL_CONVERSION = YES;
				CLANG_WARN_COMMA = YES;
				CLANG_WARN_CONSTANT_CONVERSION = YES;
				CLANG_WARN_DEPRECATED_OBJC_IMPLEMENTATIONS = YES;
				CLANG_WARN_DIRECT_OBJC_ISA_USAGE = YES_ERROR;
				CLANG_WARN_DOCUMENTATION_COMMENTS = YES;
				CLANG_WARN_EMPTY_BODY = YES;
				CLANG_WARN_ENUM_CONVERSION = YES;
				CLANG_WARN_INFINITE_RECURSION = YES;
				CLANG_WARN_INT_CONVERSION = YES;
				CLANG_WARN_NON_LITERAL_NULL_CONVERSION = YES;
				CLANG_WARN_OBJC_IMPLICIT_RETAIN_SELF = YES;
				CLANG_WARN_OBJC_LITERAL_CONVERSION = YES;
				CLANG_WARN_OBJC_ROOT_CLASS = YES_ERROR;
				CLANG_WARN_QUOTED_INCLUDE_IN_FRAMEWORK_HEADER = YES;
				CLANG_WARN_RANGE_LOOP_ANALYSIS = YES;
				CLANG_WARN_STRICT_PROTOTYPES = YES;
				CLANG_WARN_SUSPICIOUS_MOVE = YES;
				CLANG_WARN_UNGUARDED_AVAILABILITY = YES_AGGRESSIVE;
				CLANG_WARN_UNREACHABLE_CODE = YES;
				CLANG_WARN__DUPLICATE_METHOD_MATCH = YES;
				COPY_PHASE_STRIP = NO;
				DEBUG_INFORMATION_FORMAT = dwarf;
				ENABLE_STRICT_OBJC_MSGSEND = YES;
				ENABLE_TESTABILITY = YES;
				ENABLE_USER_SCRIPT_SANDBOXING = YES;
				GCC_C_LANGUAGE_STANDARD = gnu17;
				GCC_DYNAMIC_NO_PIC = NO;
				GCC_NO_COMMON_BLOCKS = YES;
				GCC_OPTIMIZATION_LEVEL = 0;
				GCC_PREPROCESSOR_DEFINITIONS = (
					"DEBUG=1",
					"$(inherited)",
				);
				GCC_WARN_64_TO_32_BIT_CONVERSION = YES;
				GCC_WARN_ABOUT_RETURN_TYPE = YES_ERROR;
				GCC_WARN_UNDECLARED_SELECTOR = YES;
				GCC_WARN_UNINITIALIZED_AUTOS = YES_AGGRESSIVE;
				GCC_WARN_UNUSED_FUNCTION = YES;
				GCC_WARN_UNUSED_VARIABLE = YES;
				LOCALIZATION_PREFERS_STRING_CATALOGS = YES;
				MACOSX_DEPLOYMENT_TARGET = 14.2;
				MTL_ENABLE_DEBUG_INFO = INCLUDE_SOURCE;
				MTL_FAST_MATH = YES;
				ONLY_ACTIVE_ARCH = YES;
				SDKROOT = macosx;
				SWIFT_ACTIVE_COMPILATION_CONDITIONS = "DEBUG $(inherited)";
				SWIFT_OPTIMIZATION_LEVEL = "-Onone";
			};
			name = Debug;
		};
		F649A06F2B2A61DB0080D6B9 /* Release */ = {
			isa = XCBuildConfiguration;
			buildSettings = {
				ALWAYS_SEARCH_USER_PATHS = NO;
				ASSETCATALOG_COMPILER_GENERATE_SWIFT_ASSET_SYMBOL_EXTENSIONS = YES;
				CLANG_ANALYZER_NONNULL = YES;
				CLANG_ANALYZER_NUMBER_OBJECT_CONVERSION = YES_AGGRESSIVE;
				CLANG_CXX_LANGUAGE_STANDARD = "gnu++20";
				CLANG_ENABLE_MODULES = YES;
				CLANG_ENABLE_OBJC_ARC = YES;
				CLANG_ENABLE_OBJC_WEAK = YES;
				CLANG_WARN_BLOCK_CAPTURE_AUTORELEASING = YES;
				CLANG_WARN_BOOL_CONVERSION = YES;
				CLANG_WARN_COMMA = YES;
				CLANG_WARN_CONSTANT_CONVERSION = YES;
				CLANG_WARN_DEPRECATED_OBJC_IMPLEMENTATIONS = YES;
				CLANG_WARN_DIRECT_OBJC_ISA_USAGE = YES_ERROR;
				CLANG_WARN_DOCUMENTATION_COMMENTS = YES;
				CLANG_WARN_EMPTY_BODY = YES;
				CLANG_WARN_ENUM_CONVERSION = YES;
				CLANG_WARN_INFINITE_RECURSION = YES;
				CLANG_WARN_INT_CONVERSION = YES;
				CLANG_WARN_NON_LITERAL_NULL_CONVERSION = YES;
				CLANG_WARN_OBJC_IMPLICIT_RETAIN_SELF = YES;
				CLANG_WARN_OBJC_LITERAL_CONVERSION = YES;
				CLANG_WARN_OBJC_ROOT_CLASS = YES_ERROR;
				CLANG_WARN_QUOTED_INCLUDE_IN_FRAMEWORK_HEADER = YES;
				CLANG_WARN_RANGE_LOOP_ANALYSIS = YES;
				CLANG_WARN_STRICT_PROTOTYPES = YES;
				CLANG_WARN_SUSPICIOUS_MOVE = YES;
				CLANG_WARN_UNGUARDED_AVAILABILITY = YES_AGGRESSIVE;
				CLANG_WARN_UNREACHABLE_CODE = YES;
				CLANG_WARN__DUPLICATE_METHOD_MATCH = YES;
				COPY_PHASE_STRIP = NO;
				DEBUG_INFORMATION_FORMAT = "dwarf-with-dsym";
				ENABLE_NS_ASSERTIONS = NO;
				ENABLE_STRICT_OBJC_MSGSEND = YES;
				ENABLE_USER_SCRIPT_SANDBOXING = YES;
				GCC_C_LANGUAGE_STANDARD = gnu17;
				GCC_NO_COMMON_BLOCKS = YES;
				GCC_WARN_64_TO_32_BIT_CONVERSION = YES;
				GCC_WARN_ABOUT_RETURN_TYPE = YES_ERROR;
				GCC_WARN_UNDECLARED_SELECTOR = YES;
				GCC_WARN_UNINITIALIZED_AUTOS = YES_AGGRESSIVE;
				GCC_WARN_UNUSED_FUNCTION = YES;
				GCC_WARN_UNUSED_VARIABLE = YES;
				LOCALIZATION_PREFERS_STRING_CATALOGS = YES;
				MACOSX_DEPLOYMENT_TARGET = 14.2;
				MTL_ENABLE_DEBUG_INFO = NO;
				MTL_FAST_MATH = YES;
				SDKROOT = macosx;
				SWIFT_COMPILATION_MODE = wholemodule;
			};
			name = Release;
		};
		F649A0712B2A61DB0080D6B9 /* Debug */ = {
			isa = XCBuildConfiguration;
			buildSettings = {
				ASSETCATALOG_COMPILER_APPICON_NAME = AppIcon;
				ASSETCATALOG_COMPILER_GLOBAL_ACCENT_COLOR_NAME = AccentColor;
				CODE_SIGN_ENTITLEMENTS = CalendarMenuBar/CalendarMenuBar.entitlements;
				CODE_SIGN_STYLE = Automatic;
				COMBINE_HIDPI_IMAGES = YES;
				CURRENT_PROJECT_VERSION = 1;
				DEVELOPMENT_ASSET_PATHS = "\"CalendarMenuBar/Preview Content\"";
				ENABLE_PREVIEWS = YES;
				GENERATE_INFOPLIST_FILE = YES;
				INFOPLIST_KEY_NSHumanReadableCopyright = "";
				LD_RUNPATH_SEARCH_PATHS = (
					"$(inherited)",
					"@executable_path/../Frameworks",
				);
				MARKETING_VERSION = 1.0;
				PRODUCT_BUNDLE_IDENTIFIER = de.kevinploss.CalendarMenuBar;
				PRODUCT_NAME = "$(TARGET_NAME)";
				SWIFT_EMIT_LOC_STRINGS = YES;
				SWIFT_VERSION = 5.0;
			};
			name = Debug;
		};
		F649A0722B2A61DB0080D6B9 /* Release */ = {
			isa = XCBuildConfiguration;
			buildSettings = {
				ASSETCATALOG_COMPILER_APPICON_NAME = AppIcon;
				ASSETCATALOG_COMPILER_GLOBAL_ACCENT_COLOR_NAME = AccentColor;
				CODE_SIGN_ENTITLEMENTS = CalendarMenuBar/CalendarMenuBar.entitlements;
				CODE_SIGN_STYLE = Automatic;
				COMBINE_HIDPI_IMAGES = YES;
				CURRENT_PROJECT_VERSION = 1;
				DEVELOPMENT_ASSET_PATHS = "\"CalendarMenuBar/Preview Content\"";
				ENABLE_PREVIEWS = YES;
				GENERATE_INFOPLIST_FILE = YES;
				INFOPLIST_KEY_NSHumanReadableCopyright = "";
				LD_RUNPATH_SEARCH_PATHS = (
					"$(inherited)",
					"@executable_path/../Frameworks",
				);
				MARKETING_VERSION = 1.0;
				PRODUCT_BUNDLE_IDENTIFIER = de.kevinploss.CalendarMenuBar;
				PRODUCT_NAME = "$(TARGET_NAME)";
				SWIFT_EMIT_LOC_STRINGS = YES;
				SWIFT_VERSION = 5.0;
			};
			name = Release;
		};
		F649A0742B2A61DB0080D6B9 /* Debug */ = {
			isa = XCBuildConfiguration;
			buildSettings = {
				ALWAYS_EMBED_SWIFT_STANDARD_LIBRARIES = YES;
				BUNDLE_LOADER = "$(TEST_HOST)";
				CODE_SIGN_STYLE = Automatic;
				CURRENT_PROJECT_VERSION = 1;
				GENERATE_INFOPLIST_FILE = YES;
				MACOSX_DEPLOYMENT_TARGET = 14.2;
				MARKETING_VERSION = 1.0;
				PRODUCT_BUNDLE_IDENTIFIER = de.kevinploss.CalendarMenuBarTests;
				PRODUCT_NAME = "$(TARGET_NAME)";
				SWIFT_EMIT_LOC_STRINGS = NO;
				SWIFT_VERSION = 5.0;
				TEST_HOST = "$(BUILT_PRODUCTS_DIR)/CalendarMenuBar.app/$(BUNDLE_EXECUTABLE_FOLDER_PATH)/CalendarMenuBar";
			};
			name = Debug;
		};
		F649A0752B2A61DB0080D6B9 /* Release */ = {
			isa = XCBuildConfiguration;
			buildSettings = {
				ALWAYS_EMBED_SWIFT_STANDARD_LIBRARIES = YES;
				BUNDLE_LOADER = "$(TEST_HOST)";
				CODE_SIGN_STYLE = Automatic;
				CURRENT_PROJECT_VERSION = 1;
				GENERATE_INFOPLIST_FILE = YES;
				MACOSX_DEPLOYMENT_TARGET = 14.2;
				MARKETING_VERSION = 1.0;
				PRODUCT_BUNDLE_IDENTIFIER = de.kevinploss.CalendarMenuBarTests;
				PRODUCT_NAME = "$(TARGET_NAME)";
				SWIFT_EMIT_LOC_STRINGS = NO;
				SWIFT_VERSION = 5.0;
				TEST_HOST = "$(BUILT_PRODUCTS_DIR)/CalendarMenuBar.app/$(BUNDLE_EXECUTABLE_FOLDER_PATH)/CalendarMenuBar";
			};
			name = Release;
		};
		F649A0772B2A61DB0080D6B9 /* Debug */ = {
			isa = XCBuildConfiguration;
			buildSettings = {
				ALWAYS_EMBED_SWIFT_STANDARD_LIBRARIES = YES;
				CODE_SIGN_STYLE = Automatic;
				CURRENT_PROJECT_VERSION = 1;
				GENERATE_INFOPLIST_FILE = YES;
				MARKETING_VERSION = 1.0;
				PRODUCT_BUNDLE_IDENTIFIER = de.kevinploss.CalendarMenuBarUITests;
				PRODUCT_NAME = "$(TARGET_NAME)";
				SWIFT_EMIT_LOC_STRINGS = NO;
				SWIFT_VERSION = 5.0;
				TEST_TARGET_NAME = CalendarMenuBar;
			};
			name = Debug;
		};
		F649A0782B2A61DB0080D6B9 /* Release */ = {
			isa = XCBuildConfiguration;
			buildSettings = {
				ALWAYS_EMBED_SWIFT_STANDARD_LIBRARIES = YES;
				CODE_SIGN_STYLE = Automatic;
				CURRENT_PROJECT_VERSION = 1;
				GENERATE_INFOPLIST_FILE = YES;
				MARKETING_VERSION = 1.0;
				PRODUCT_BUNDLE_IDENTIFIER = de.kevinploss.CalendarMenuBarUITests;
				PRODUCT_NAME = "$(TARGET_NAME)";
				SWIFT_EMIT_LOC_STRINGS = NO;
				SWIFT_VERSION = 5.0;
				TEST_TARGET_NAME = CalendarMenuBar;
			};
			name = Release;
		};
/* End XCBuildConfiguration section */

/* Begin XCConfigurationList section */
		F649A0462B2A61DA0080D6B9 /* Build configuration list for PBXProject "CalendarMenuBar" */ = {
			isa = XCConfigurationList;
			buildConfigurations = (
				F649A06E2B2A61DB0080D6B9 /* Debug */,
				F649A06F2B2A61DB0080D6B9 /* Release */,
			);
			defaultConfigurationIsVisible = 0;
			defaultConfigurationName = Release;
		};
		F649A0702B2A61DB0080D6B9 /* Build configuration list for PBXNativeTarget "CalendarMenuBar" */ = {
			isa = XCConfigurationList;
			buildConfigurations = (
				F649A0712B2A61DB0080D6B9 /* Debug */,
				F649A0722B2A61DB0080D6B9 /* Release */,
			);
			defaultConfigurationIsVisible = 0;
			defaultConfigurationName = Release;
		};
		F649A0732B2A61DB0080D6B9 /* Build configuration list for PBXNativeTarget "CalendarMenuBarTests" */ = {
			isa = XCConfigurationList;
			buildConfigurations = (
				F649A0742B2A61DB0080D6B9 /* Debug */,
				F649A0752B2A61DB0080D6B9 /* Release */,
			);
			defaultConfigurationIsVisible = 0;
			defaultConfigurationName = Release;
		};
		F649A0762B2A61DB0080D6B9 /* Build configuration list for PBXNativeTarget "CalendarMenuBarUITests" */ = {
			isa = XCConfigurationList;
			buildConfigurations = (
				F649A0772B2A61DB0080D6B9 /* Debug */,
				F649A0782B2A61DB0080D6B9 /* Release */,
			);
			defaultConfigurationIsVisible = 0;
			defaultConfigurationName = Release;
		};
/* End XCConfigurationList section */
	};
	rootObject = F649A0432B2A61DA0080D6B9 /* Project object */;
}
